
Microsoft Visual Studio Solution File, Format Version 12.00
# Visual Studio Version 16
VisualStudioVersion = 16.0.29209.62
MinimumVisualStudioVersion = 10.0.40219.1
Project("{9A19103F-16F7-4668-BE54-9A1E7A4F7556}") = "ProblemNet", "ProblemNet\ProblemNet.csproj", "{6BE6F4B6-CAB8-41C4-AF05-1592E9C80FB9}"
EndProject
Project("{2150E333-8FDC-42A3-9474-1A3956D46DE8}") = "samples", "samples", "{260FA22C-1B52-4852-B048-08819A286A10}"
EndProject
Project("{9A19103F-16F7-4668-BE54-9A1E7A4F7556}") = "ProblemsApi", "ProblemsApi\ProblemsApi.csproj", "{3BB65195-C229-456E-AA41-F6A14F5E928A}"
EndProject
Project("{2150E333-8FDC-42A3-9474-1A3956D46DE8}") = "Solution Items", "Solution Items", "{23452DFA-33C0-416B-88AF-11516108CE01}"
	ProjectSection(SolutionItems) = preProject
		appveyor.yml = appveyor.yml
		README.md = README.md
	EndProjectSection
EndProject
Project("{2150E333-8FDC-42A3-9474-1A3956D46DE8}") = "tests", "tests", "{EDE29E76-1149-4FC6-A603-6B8AE0F54CB9}"
EndProject
Project("{FAE04EC0-301F-11D3-BF4B-00C04F79EFBC}") = "ProblemNet.Tests", "ProblemNet.Tests\ProblemNet.Tests.csproj", "{E1C99388-F6F9-4325-829E-7483190562B1}"
EndProject
Global
	GlobalSection(SolutionConfigurationPlatforms) = preSolution
		Debug|Any CPU = Debug|Any CPU
		Release|Any CPU = Release|Any CPU
	EndGlobalSection
	GlobalSection(ProjectConfigurationPlatforms) = postSolution
		{6BE6F4B6-CAB8-41C4-AF05-1592E9C80FB9}.Debug|Any CPU.ActiveCfg = Debug|Any CPU
		{6BE6F4B6-CAB8-41C4-AF05-1592E9C80FB9}.Debug|Any CPU.Build.0 = Debug|Any CPU
		{6BE6F4B6-CAB8-41C4-AF05-1592E9C80FB9}.Release|Any CPU.ActiveCfg = Release|Any CPU
		{6BE6F4B6-CAB8-41C4-AF05-1592E9C80FB9}.Release|Any CPU.Build.0 = Release|Any CPU
		{3BB65195-C229-456E-AA41-F6A14F5E928A}.Debug|Any CPU.ActiveCfg = Debug|Any CPU
		{3BB65195-C229-456E-AA41-F6A14F5E928A}.Debug|Any CPU.Build.0 = Debug|Any CPU
		{3BB65195-C229-456E-AA41-F6A14F5E928A}.Release|Any CPU.ActiveCfg = Release|Any CPU
		{3BB65195-C229-456E-AA41-F6A14F5E928A}.Release|Any CPU.Build.0 = Release|Any CPU
		{E1C99388-F6F9-4325-829E-7483190562B1}.Debug|Any CPU.ActiveCfg = Debug|Any CPU
		{E1C99388-F6F9-4325-829E-7483190562B1}.Debug|Any CPU.Build.0 = Debug|Any CPU
		{E1C99388-F6F9-4325-829E-7483190562B1}.Release|Any CPU.ActiveCfg = Release|Any CPU
		{E1C99388-F6F9-4325-829E-7483190562B1}.Release|Any CPU.Build.0 = Release|Any CPU
	EndGlobalSection
	GlobalSection(SolutionProperties) = preSolution
		HideSolutionNode = FALSE
	EndGlobalSection
	GlobalSection(NestedProjects) = preSolution
		{3BB65195-C229-456E-AA41-F6A14F5E928A} = {260FA22C-1B52-4852-B048-08819A286A10}
		{E1C99388-F6F9-4325-829E-7483190562B1} = {EDE29E76-1149-4FC6-A603-6B8AE0F54CB9}
	EndGlobalSection
	GlobalSection(ExtensibilityGlobals) = postSolution
		SolutionGuid = {A148FC8A-EC84-4770-A0D3-1FA9C13D9DDD}
	EndGlobalSection
EndGlobal
